
Microsoft Visual Studio Solution File, Format Version 12.00
# Visual Studio 15
VisualStudioVersion = 15.0.27703.2026
MinimumVisualStudioVersion = 10.0.40219.1
Project("{FAE04EC0-301F-11D3-BF4B-00C04F79EFBC}") = "AspNetMvcWebApplication", "AspNetMvcWebApplication\AspNetMvcWebApplication.csproj", "{6CC74987-92D8-4FF4-A162-D8F206D9CAA8}"
EndProject
Project("{FAE04EC0-301F-11D3-BF4B-00C04F79EFBC}") = "AwsToolkit", "AwsToolkit\AwsToolkit.csproj", "{A6DD7456-B50D-4FEC-826E-2FFCBF2DEE65}"
EndProject
Global
	GlobalSection(SolutionConfigurationPlatforms) = preSolution
		Debug|Any CPU = Debug|Any CPU
		Release|Any CPU = Release|Any CPU
	EndGlobalSection
	GlobalSection(ProjectConfigurationPlatforms) = postSolution
		{6CC74987-92D8-4FF4-A162-D8F206D9CAA8}.Debug|Any CPU.ActiveCfg = Debug|Any CPU
		{6CC74987-92D8-4FF4-A162-D8F206D9CAA8}.Debug|Any CPU.Build.0 = Debug|Any CPU
		{6CC74987-92D8-4FF4-A162-D8F206D9CAA8}.Release|Any CPU.ActiveCfg = Release|Any CPU
		{6CC74987-92D8-4FF4-A162-D8F206D9CAA8}.Release|Any CPU.Build.0 = Release|Any CPU
		{A6DD7456-B50D-4FEC-826E-2FFCBF2DEE65}.Debug|Any CPU.ActiveCfg = Debug|Any CPU
		{A6DD7456-B50D-4FEC-826E-2FFCBF2DEE65}.Debug|Any CPU.Build.0 = Debug|Any CPU
		{A6DD7456-B50D-4FEC-826E-2FFCBF2DEE65}.Release|Any CPU.ActiveCfg = Release|Any CPU
		{A6DD7456-B50D-4FEC-826E-2FFCBF2DEE65}.Release|Any CPU.Build.0 = Release|Any CPU
	EndGlobalSection
	GlobalSection(SolutionProperties) = preSolution
		HideSolutionNode = FALSE
	EndGlobalSection
	GlobalSection(ExtensibilityGlobals) = postSolution
		SolutionGuid = {2E17D28F-75AE-48E9-B210-EE792A45C2CD}
	EndGlobalSection
EndGlobal
